// !$*UTF8*$!
{
	archiveVersion = 1;
	classes = {
	};
	objectVersion = 56;
	objects = {

/* Begin PBXBuildFile section */
		DEE7605D2C186DC3005DE1D8 /* DVTWeatherApp.swift in Sources */ = {isa = PBXBuildFile; fileRef = DEE7605C2C186DC3005DE1D8 /* DVTWeatherApp.swift */; };
		DEE7605F2C186DC3005DE1D8 /* ContentView.swift in Sources */ = {isa = PBXBuildFile; fileRef = DEE7605E2C186DC3005DE1D8 /* ContentView.swift */; };
		DEE760612C186DC5005DE1D8 /* Assets.xcassets in Resources */ = {isa = PBXBuildFile; fileRef = DEE760602C186DC5005DE1D8 /* Assets.xcassets */; };
		DEE760642C186DC5005DE1D8 /* Preview Assets.xcassets in Resources */ = {isa = PBXBuildFile; fileRef = DEE760632C186DC5005DE1D8 /* Preview Assets.xcassets */; };
		DEE7606B2C186F37005DE1D8 /* DVTWeatherAppTests.swift in Sources */ = {isa = PBXBuildFile; fileRef = DEE7606A2C186F37005DE1D8 /* DVTWeatherAppTests.swift */; };
		DEE760732C186F7B005DE1D8 /* DVTWeatherAppTests.swift in Sources */ = {isa = PBXBuildFile; fileRef = DEE760722C186F7B005DE1D8 /* DVTWeatherAppTests.swift */; };
/* End PBXBuildFile section */

/* Begin PBXContainerItemProxy section */
		DEE760742C186F7B005DE1D8 /* PBXContainerItemProxy */ = {
			isa = PBXContainerItemProxy;
			containerPortal = DEE760512C186DC3005DE1D8 /* Project object */;
			proxyType = 1;
			remoteGlobalIDString = DEE760582C186DC3005DE1D8;
			remoteInfo = DVTWeatherApp;
		};
/* End PBXContainerItemProxy section */

/* Begin PBXFileReference section */
		DEE760592C186DC3005DE1D8 /* DVTWeatherApp.app */ = {isa = PBXFileReference; explicitFileType = wrapper.application; includeInIndex = 0; path = DVTWeatherApp.app; sourceTree = BUILT_PRODUCTS_DIR; };
		DEE7605C2C186DC3005DE1D8 /* DVTWeatherApp.swift */ = {isa = PBXFileReference; lastKnownFileType = sourcecode.swift; path = DVTWeatherApp.swift; sourceTree = "<group>"; };
		DEE7605E2C186DC3005DE1D8 /* ContentView.swift */ = {isa = PBXFileReference; lastKnownFileType = sourcecode.swift; path = ContentView.swift; sourceTree = "<group>"; };
		DEE760602C186DC5005DE1D8 /* Assets.xcassets */ = {isa = PBXFileReference; lastKnownFileType = folder.assetcatalog; path = Assets.xcassets; sourceTree = "<group>"; };
		DEE760632C186DC5005DE1D8 /* Preview Assets.xcassets */ = {isa = PBXFileReference; lastKnownFileType = folder.assetcatalog; path = "Preview Assets.xcassets"; sourceTree = "<group>"; };
		DEE7606A2C186F37005DE1D8 /* DVTWeatherAppTests.swift */ = {isa = PBXFileReference; lastKnownFileType = sourcecode.swift; path = DVTWeatherAppTests.swift; sourceTree = "<group>"; };
		DEE760702C186F7B005DE1D8 /* DVTWeatherAppTests.xctest */ = {isa = PBXFileReference; explicitFileType = wrapper.cfbundle; includeInIndex = 0; path = DVTWeatherAppTests.xctest; sourceTree = BUILT_PRODUCTS_DIR; };
		DEE760722C186F7B005DE1D8 /* DVTWeatherAppTests.swift */ = {isa = PBXFileReference; lastKnownFileType = sourcecode.swift; path = DVTWeatherAppTests.swift; sourceTree = "<group>"; };
/* End PBXFileReference section */

/* Begin PBXFrameworksBuildPhase section */
		DEE760562C186DC3005DE1D8 /* Frameworks */ = {
			isa = PBXFrameworksBuildPhase;
			buildActionMask = 2147483647;
			files = (
			);
			runOnlyForDeploymentPostprocessing = 0;
		};
		DEE7606D2C186F7B005DE1D8 /* Frameworks */ = {
			isa = PBXFrameworksBuildPhase;
			buildActionMask = 2147483647;
			files = (
			);
			runOnlyForDeploymentPostprocessing = 0;
		};
/* End PBXFrameworksBuildPhase section */

/* Begin PBXGroup section */
		DEE760502C186DC3005DE1D8 = {
			isa = PBXGroup;
			children = (
				DEE7605B2C186DC3005DE1D8 /* DVTWeatherApp */,
				DEE760712C186F7B005DE1D8 /* DVTWeatherAppTests */,
				DEE7605A2C186DC3005DE1D8 /* Products */,
			);
			sourceTree = "<group>";
		};
		DEE7605A2C186DC3005DE1D8 /* Products */ = {
			isa = PBXGroup;
			children = (
				DEE760592C186DC3005DE1D8 /* DVTWeatherApp.app */,
				DEE760702C186F7B005DE1D8 /* DVTWeatherAppTests.xctest */,
			);
			name = Products;
			sourceTree = "<group>";
		};
		DEE7605B2C186DC3005DE1D8 /* DVTWeatherApp */ = {
			isa = PBXGroup;
			children = (
				DEE7605C2C186DC3005DE1D8 /* DVTWeatherApp.swift */,
				DEE7605E2C186DC3005DE1D8 /* ContentView.swift */,
				DEE7606A2C186F37005DE1D8 /* DVTWeatherAppTests.swift */,
				DEE760602C186DC5005DE1D8 /* Assets.xcassets */,
				DEE760622C186DC5005DE1D8 /* Preview Content */,
			);
			path = DVTWeatherApp;
			sourceTree = "<group>";
		};
		DEE760622C186DC5005DE1D8 /* Preview Content */ = {
			isa = PBXGroup;
			children = (
				DEE760632C186DC5005DE1D8 /* Preview Assets.xcassets */,
			);
			path = "Preview Content";
			sourceTree = "<group>";
		};
		DEE760712C186F7B005DE1D8 /* DVTWeatherAppTests */ = {
			isa = PBXGroup;
			children = (
				DEE760722C186F7B005DE1D8 /* DVTWeatherAppTests.swift */,
			);
			path = DVTWeatherAppTests;
			sourceTree = "<group>";
		};
/* End PBXGroup section */

/* Begin PBXNativeTarget section */
		DEE760582C186DC3005DE1D8 /* DVTWeatherApp */ = {
			isa = PBXNativeTarget;
			buildConfigurationList = DEE760672C186DC5005DE1D8 /* Build configuration list for PBXNativeTarget "DVTWeatherApp" */;
			buildPhases = (
				DEE760552C186DC3005DE1D8 /* Sources */,
				DEE760562C186DC3005DE1D8 /* Frameworks */,
				DEE760572C186DC3005DE1D8 /* Resources */,
			);
			buildRules = (
			);
			dependencies = (
			);
			name = DVTWeatherApp;
			productName = DVTWeatherApp;
			productReference = DEE760592C186DC3005DE1D8 /* DVTWeatherApp.app */;
			productType = "com.apple.product-type.application";
		};
		DEE7606F2C186F7B005DE1D8 /* DVTWeatherAppTests */ = {
			isa = PBXNativeTarget;
			buildConfigurationList = DEE760762C186F7B005DE1D8 /* Build configuration list for PBXNativeTarget "DVTWeatherAppTests" */;
			buildPhases = (
				DEE7606C2C186F7B005DE1D8 /* Sources */,
				DEE7606D2C186F7B005DE1D8 /* Frameworks */,
				DEE7606E2C186F7B005DE1D8 /* Resources */,
			);
			buildRules = (
			);
			dependencies = (
				DEE760752C186F7B005DE1D8 /* PBXTargetDependency */,
			);
			name = DVTWeatherAppTests;
			productName = DVTWeatherAppTests;
			productReference = DEE760702C186F7B005DE1D8 /* DVTWeatherAppTests.xctest */;
			productType = "com.apple.product-type.bundle.unit-test";
		};
/* End PBXNativeTarget section */

/* Begin PBXProject section */
		DEE760512C186DC3005DE1D8 /* Project object */ = {
			isa = PBXProject;
			attributes = {
				BuildIndependentTargetsInParallel = 1;
				LastSwiftUpdateCheck = 1540;
				LastUpgradeCheck = 1540;
				TargetAttributes = {
					DEE760582C186DC3005DE1D8 = {
						CreatedOnToolsVersion = 15.4;
					};
					DEE7606F2C186F7B005DE1D8 = {
						CreatedOnToolsVersion = 15.4;
						TestTargetID = DEE760582C186DC3005DE1D8;
					};
				};
			};
			buildConfigurationList = DEE760542C186DC3005DE1D8 /* Build configuration list for PBXProject "DVTWeatherApp" */;
			compatibilityVersion = "Xcode 14.0";
			developmentRegion = en;
			hasScannedForEncodings = 0;
			knownRegions = (
				en,
				Base,
			);
			mainGroup = DEE760502C186DC3005DE1D8;
			productRefGroup = DEE7605A2C186DC3005DE1D8 /* Products */;
			projectDirPath = "";
			projectRoot = "";
			targets = (
				DEE760582C186DC3005DE1D8 /* DVTWeatherApp */,
				DEE7606F2C186F7B005DE1D8 /* DVTWeatherAppTests */,
			);
		};
/* End PBXProject section */

/* Begin PBXResourcesBuildPhase section */
		DEE760572C186DC3005DE1D8 /* Resources */ = {
			isa = PBXResourcesBuildPhase;
			buildActionMask = 2147483647;
			files = (
				DEE760642C186DC5005DE1D8 /* Preview Assets.xcassets in Resources */,
				DEE760612C186DC5005DE1D8 /* Assets.xcassets in Resources */,
			);
			runOnlyForDeploymentPostprocessing = 0;
		};
		DEE7606E2C186F7B005DE1D8 /* Resources */ = {
			isa = PBXResourcesBuildPhase;
			buildActionMask = 2147483647;
			files = (
			);
			runOnlyForDeploymentPostprocessing = 0;
		};
/* End PBXResourcesBuildPhase section */

/* Begin PBXSourcesBuildPhase section */
		DEE760552C186DC3005DE1D8 /* Sources */ = {
			isa = PBXSourcesBuildPhase;
			buildActionMask = 2147483647;
			files = (
				DEE7605F2C186DC3005DE1D8 /* ContentView.swift in Sources */,
				DEE7605D2C186DC3005DE1D8 /* DVTWeatherApp.swift in Sources */,
				DEE7606B2C186F37005DE1D8 /* DVTWeatherAppTests.swift in Sources */,
			);
			runOnlyForDeploymentPostprocessing = 0;
		};
		DEE7606C2C186F7B005DE1D8 /* Sources */ = {
			isa = PBXSourcesBuildPhase;
			buildActionMask = 2147483647;
			files = (
				DEE760732C186F7B005DE1D8 /* DVTWeatherAppTests.swift in Sources */,
			);
			runOnlyForDeploymentPostprocessing = 0;
		};
/* End PBXSourcesBuildPhase section */

/* Begin PBXTargetDependency section */
		DEE760752C186F7B005DE1D8 /* PBXTargetDependency */ = {
			isa = PBXTargetDependency;
			target = DEE760582C186DC3005DE1D8 /* DVTWeatherApp */;
			targetProxy = DEE760742C186F7B005DE1D8 /* PBXContainerItemProxy */;
		};
/* End PBXTargetDependency section */

/* Begin XCBuildConfiguration section */
		DEE760652C186DC5005DE1D8 /* Debug */ = {
			isa = XCBuildConfiguration;
			buildSettings = {
				ALWAYS_SEARCH_USER_PATHS = NO;
				ASSETCATALOG_COMPILER_GENERATE_SWIFT_ASSET_SYMBOL_EXTENSIONS = YES;
				CLANG_ANALYZER_NONNULL = YES;
				CLANG_ANALYZER_NUMBER_OBJECT_CONVERSION = YES_AGGRESSIVE;
				CLANG_CXX_LANGUAGE_STANDARD = "gnu++20";
				CLANG_ENABLE_MODULES = YES;
				CLANG_ENABLE_OBJC_ARC = YES;
				CLANG_ENABLE_OBJC_WEAK = YES;
				CLANG_WARN_BLOCK_CAPTURE_AUTORELEASING = YES;
				CLANG_WARN_BOOL_CONVERSION = YES;
				CLANG_WARN_COMMA = YES;
				CLANG_WARN_CONSTANT_CONVERSION = YES;
				CLANG_WARN_DEPRECATED_OBJC_IMPLEMENTATIONS = YES;
				CLANG_WARN_DIRECT_OBJC_ISA_USAGE = YES_ERROR;
				CLANG_WARN_DOCUMENTATION_COMMENTS = YES;
				CLANG_WARN_EMPTY_BODY = YES;
				CLANG_WARN_ENUM_CONVERSION = YES;
				CLANG_WARN_INFINITE_RECURSION = YES;
				CLANG_WARN_INT_CONVERSION = YES;
				CLANG_WARN_NON_LITERAL_NULL_CONVERSION = YES;
				CLANG_WARN_OBJC_IMPLICIT_RETAIN_SELF = YES;
				CLANG_WARN_OBJC_LITERAL_CONVERSION = YES;
				CLANG_WARN_OBJC_ROOT_CLASS = YES_ERROR;
				CLANG_WARN_QUOTED_INCLUDE_IN_FRAMEWORK_HEADER = YES;
				CLANG_WARN_RANGE_LOOP_ANALYSIS = YES;
				CLANG_WARN_STRICT_PROTOTYPES = YES;
				CLANG_WARN_SUSPICIOUS_MOVE = YES;
				CLANG_WARN_UNGUARDED_AVAILABILITY = YES_AGGRESSIVE;
				CLANG_WARN_UNREACHABLE_CODE = YES;
				CLANG_WARN__DUPLICATE_METHOD_MATCH = YES;
				COPY_PHASE_STRIP = NO;
				DEBUG_INFORMATION_FORMAT = dwarf;
				ENABLE_STRICT_OBJC_MSGSEND = YES;
				ENABLE_TESTABILITY = YES;
				ENABLE_USER_SCRIPT_SANDBOXING = YES;
				GCC_C_LANGUAGE_STANDARD = gnu17;
				GCC_DYNAMIC_NO_PIC = NO;
				GCC_NO_COMMON_BLOCKS = YES;
				GCC_OPTIMIZATION_LEVEL = 0;
				GCC_PREPROCESSOR_DEFINITIONS = (
					"DEBUG=1",
					"$(inherited)",
				);
				GCC_WARN_64_TO_32_BIT_CONVERSION = YES;
				GCC_WARN_ABOUT_RETURN_TYPE = YES_ERROR;
				GCC_WARN_UNDECLARED_SELECTOR = YES;
				GCC_WARN_UNINITIALIZED_AUTOS = YES_AGGRESSIVE;
				GCC_WARN_UNUSED_FUNCTION = YES;
				GCC_WARN_UNUSED_VARIABLE = YES;
				IPHONEOS_DEPLOYMENT_TARGET = 17.5;
				LOCALIZATION_PREFERS_STRING_CATALOGS = YES;
				MTL_ENABLE_DEBUG_INFO = INCLUDE_SOURCE;
				MTL_FAST_MATH = YES;
				ONLY_ACTIVE_ARCH = YES;
				SDKROOT = iphoneos;
				SWIFT_ACTIVE_COMPILATION_CONDITIONS = "DEBUG $(inherited)";
				SWIFT_OPTIMIZATION_LEVEL = "-Onone";
			};
			name = Debug;
		};
		DEE760662C186DC5005DE1D8 /* Release */ = {
			isa = XCBuildConfiguration;
			buildSettings = {
				ALWAYS_SEARCH_USER_PATHS = NO;
				ASSETCATALOG_COMPILER_GENERATE_SWIFT_ASSET_SYMBOL_EXTENSIONS = YES;
				CLANG_ANALYZER_NONNULL = YES;
				CLANG_ANALYZER_NUMBER_OBJECT_CONVERSION = YES_AGGRESSIVE;
				CLANG_CXX_LANGUAGE_STANDARD = "gnu++20";
				CLANG_ENABLE_MODULES = YES;
				CLANG_ENABLE_OBJC_ARC = YES;
				CLANG_ENABLE_OBJC_WEAK = YES;
				CLANG_WARN_BLOCK_CAPTURE_AUTORELEASING = YES;
				CLANG_WARN_BOOL_CONVERSION = YES;
				CLANG_WARN_COMMA = YES;
				CLANG_WARN_CONSTANT_CONVERSION = YES;
				CLANG_WARN_DEPRECATED_OBJC_IMPLEMENTATIONS = YES;
				CLANG_WARN_DIRECT_OBJC_ISA_USAGE = YES_ERROR;
				CLANG_WARN_DOCUMENTATION_COMMENTS = YES;
				CLANG_WARN_EMPTY_BODY = YES;
				CLANG_WARN_ENUM_CONVERSION = YES;
				CLANG_WARN_INFINITE_RECURSION = YES;
				CLANG_WARN_INT_CONVERSION = YES;
				CLANG_WARN_NON_LITERAL_NULL_CONVERSION = YES;
				CLANG_WARN_OBJC_IMPLICIT_RETAIN_SELF = YES;
				CLANG_WARN_OBJC_LITERAL_CONVERSION = YES;
				CLANG_WARN_OBJC_ROOT_CLASS = YES_ERROR;
				CLANG_WARN_QUOTED_INCLUDE_IN_FRAMEWORK_HEADER = YES;
				CLANG_WARN_RANGE_LOOP_ANALYSIS = YES;
				CLANG_WARN_STRICT_PROTOTYPES = YES;
				CLANG_WARN_SUSPICIOUS_MOVE = YES;
				CLANG_WARN_UNGUARDED_AVAILABILITY = YES_AGGRESSIVE;
				CLANG_WARN_UNREACHABLE_CODE = YES;
				CLANG_WARN__DUPLICATE_METHOD_MATCH = YES;
				COPY_PHASE_STRIP = NO;
				DEBUG_INFORMATION_FORMAT = "dwarf-with-dsym";
				ENABLE_NS_ASSERTIONS = NO;
				ENABLE_STRICT_OBJC_MSGSEND = YES;
				ENABLE_USER_SCRIPT_SANDBOXING = YES;
				GCC_C_LANGUAGE_STANDARD = gnu17;
				GCC_NO_COMMON_BLOCKS = YES;
				GCC_WARN_64_TO_32_BIT_CONVERSION = YES;
				GCC_WARN_ABOUT_RETURN_TYPE = YES_ERROR;
				GCC_WARN_UNDECLARED_SELECTOR = YES;
				GCC_WARN_UNINITIALIZED_AUTOS = YES_AGGRESSIVE;
				GCC_WARN_UNUSED_FUNCTION = YES;
				GCC_WARN_UNUSED_VARIABLE = YES;
				IPHONEOS_DEPLOYMENT_TARGET = 17.5;
				LOCALIZATION_PREFERS_STRING_CATALOGS = YES;
				MTL_ENABLE_DEBUG_INFO = NO;
				MTL_FAST_MATH = YES;
				SDKROOT = iphoneos;
				SWIFT_COMPILATION_MODE = wholemodule;
				VALIDATE_PRODUCT = YES;
			};
			name = Release;
		};
		DEE760682C186DC5005DE1D8 /* Debug */ = {
			isa = XCBuildConfiguration;
			buildSettings = {
				ASSETCATALOG_COMPILER_APPICON_NAME = AppIcon;
				ASSETCATALOG_COMPILER_GLOBAL_ACCENT_COLOR_NAME = AccentColor;
				CODE_SIGN_STYLE = Automatic;
				CURRENT_PROJECT_VERSION = 1;
				DEVELOPMENT_ASSET_PATHS = "\"DVTWeatherApp/Preview Content\"";
				DEVELOPMENT_TEAM = 2RWQ79GVQP;
				ENABLE_PREVIEWS = YES;
				GENERATE_INFOPLIST_FILE = YES;
				INFOPLIST_KEY_CFBundleDisplayName = "DVT Weather";
				INFOPLIST_KEY_UIApplicationSceneManifest_Generation = YES;
				INFOPLIST_KEY_UIApplicationSupportsIndirectInputEvents = YES;
				INFOPLIST_KEY_UILaunchScreen_Generation = YES;
				INFOPLIST_KEY_UISupportedInterfaceOrientations = UIInterfaceOrientationPortrait;
				LD_RUNPATH_SEARCH_PATHS = (
					"$(inherited)",
					"@executable_path/Frameworks",
				);
				MARKETING_VERSION = 1.0;
				PRODUCT_BUNDLE_IDENTIFIER = com.Bonginkosi.DVTWeatherApp;
				PRODUCT_NAME = "$(TARGET_NAME)";
				SUPPORTED_PLATFORMS = "iphoneos iphonesimulator";
				SUPPORTS_MACCATALYST = NO;
				SUPPORTS_MAC_DESIGNED_FOR_IPHONE_IPAD = NO;
				SUPPORTS_XR_DESIGNED_FOR_IPHONE_IPAD = NO;
				SWIFT_EMIT_LOC_STRINGS = YES;
				SWIFT_VERSION = 5.0;
				TARGETED_DEVICE_FAMILY = 1;
			};
			name = Debug;
		};
		DEE760692C186DC5005DE1D8 /* Release */ = {
			isa = XCBuildConfiguration;
			buildSettings = {
				ASSETCATALOG_COMPILER_APPICON_NAME = AppIcon;
				ASSETCATALOG_COMPILER_GLOBAL_ACCENT_COLOR_NAME = AccentColor;
				CODE_SIGN_STYLE = Automatic;
				CURRENT_PROJECT_VERSION = 1;
				DEVELOPMENT_ASSET_PATHS = "\"DVTWeatherApp/Preview Content\"";
				DEVELOPMENT_TEAM = 2RWQ79GVQP;
				ENABLE_PREVIEWS = YES;
				GENERATE_INFOPLIST_FILE = YES;
				INFOPLIST_KEY_CFBundleDisplayName = "DVT Weather";
				INFOPLIST_KEY_UIApplicationSceneManifest_Generation = YES;
				INFOPLIST_KEY_UIApplicationSupportsIndirectInputEvents = YES;
				INFOPLIST_KEY_UILaunchScreen_Generation = YES;
				INFOPLIST_KEY_UISupportedInterfaceOrientations = UIInterfaceOrientationPortrait;
				LD_RUNPATH_SEARCH_PATHS = (
					"$(inherited)",
					"@executable_path/Frameworks",
				);
				MARKETING_VERSION = 1.0;
				PRODUCT_BUNDLE_IDENTIFIER = com.Bonginkosi.DVTWeatherApp;
				PRODUCT_NAME = "$(TARGET_NAME)";
				SUPPORTED_PLATFORMS = "iphoneos iphonesimulator";
				SUPPORTS_MACCATALYST = NO;
				SUPPORTS_MAC_DESIGNED_FOR_IPHONE_IPAD = NO;
				SUPPORTS_XR_DESIGNED_FOR_IPHONE_IPAD = NO;
				SWIFT_EMIT_LOC_STRINGS = YES;
				SWIFT_VERSION = 5.0;
				TARGETED_DEVICE_FAMILY = 1;
			};
			name = Release;
		};
		DEE760772C186F7B005DE1D8 /* Debug */ = {
			isa = XCBuildConfiguration;
			buildSettings = {
				BUNDLE_LOADER = "$(TEST_HOST)";
				CODE_SIGN_STYLE = Automatic;
				CURRENT_PROJECT_VERSION = 1;
				DEVELOPMENT_TEAM = 2RWQ79GVQP;
				GENERATE_INFOPLIST_FILE = YES;
				MARKETING_VERSION = 1.0;
				PRODUCT_BUNDLE_IDENTIFIER = com.Bonginkosi.DVTWeatherAppTests;
				PRODUCT_NAME = "$(TARGET_NAME)";
				SWIFT_EMIT_LOC_STRINGS = NO;
				SWIFT_VERSION = 5.0;
				TARGETED_DEVICE_FAMILY = "1,2";
				TEST_HOST = "$(BUILT_PRODUCTS_DIR)/DVTWeatherApp.app/$(BUNDLE_EXECUTABLE_FOLDER_PATH)/DVTWeatherApp";
			};
			name = Debug;
		};
		DEE760782C186F7B005DE1D8 /* Release */ = {
			isa = XCBuildConfiguration;
			buildSettings = {
				BUNDLE_LOADER = "$(TEST_HOST)";
				CODE_SIGN_STYLE = Automatic;
				CURRENT_PROJECT_VERSION = 1;
				DEVELOPMENT_TEAM = 2RWQ79GVQP;
				GENERATE_INFOPLIST_FILE = YES;
				MARKETING_VERSION = 1.0;
				PRODUCT_BUNDLE_IDENTIFIER = com.Bonginkosi.DVTWeatherAppTests;
				PRODUCT_NAME = "$(TARGET_NAME)";
				SWIFT_EMIT_LOC_STRINGS = NO;
				SWIFT_VERSION = 5.0;
				TARGETED_DEVICE_FAMILY = "1,2";
				TEST_HOST = "$(BUILT_PRODUCTS_DIR)/DVTWeatherApp.app/$(BUNDLE_EXECUTABLE_FOLDER_PATH)/DVTWeatherApp";
			};
			name = Release;
		};
/* End XCBuildConfiguration section */

/* Begin XCConfigurationList section */
		DEE760542C186DC3005DE1D8 /* Build configuration list for PBXProject "DVTWeatherApp" */ = {
			isa = XCConfigurationList;
			buildConfigurations = (
				DEE760652C186DC5005DE1D8 /* Debug */,
				DEE760662C186DC5005DE1D8 /* Release */,
			);
			defaultConfigurationIsVisible = 0;
			defaultConfigurationName = Release;
		};
		DEE760672C186DC5005DE1D8 /* Build configuration list for PBXNativeTarget "DVTWeatherApp" */ = {
			isa = XCConfigurationList;
			buildConfigurations = (
				DEE760682C186DC5005DE1D8 /* Debug */,
				DEE760692C186DC5005DE1D8 /* Release */,
			);
			defaultConfigurationIsVisible = 0;
			defaultConfigurationName = Release;
		};
		DEE760762C186F7B005DE1D8 /* Build configuration list for PBXNativeTarget "DVTWeatherAppTests" */ = {
			isa = XCConfigurationList;
			buildConfigurations = (
				DEE760772C186F7B005DE1D8 /* Debug */,
				DEE760782C186F7B005DE1D8 /* Release */,
			);
			defaultConfigurationIsVisible = 0;
			defaultConfigurationName = Release;
		};
/* End XCConfigurationList section */
	};
	rootObject = DEE760512C186DC3005DE1D8 /* Project object */;
}
