// !$*UTF8*$!
{
	archiveVersion = 1;
	classes = {
	};
	objectVersion = 56;
	objects = {

/* Begin PBXBuildFile section */
		28046E82A024A1A0E72C6266 /* Pods_DVTWeatherAppTests.framework in Frameworks */ = {isa = PBXBuildFile; fileRef = 4C0FADB66E435B79937BA91E /* Pods_DVTWeatherAppTests.framework */; };
		DEB7CE4F2C1B08B100851568 /* WeatherDescriptionEnum.swift in Sources */ = {isa = PBXBuildFile; fileRef = DEB7CE4E2C1B08B100851568 /* WeatherDescriptionEnum.swift */; };
		DEB7CE512C1B12F400851568 /* BackgroundImageNameEnum.swift in Sources */ = {isa = PBXBuildFile; fileRef = DEB7CE502C1B12F300851568 /* BackgroundImageNameEnum.swift */; };
		DEB7CE532C1B1E2800851568 /* BackgroundColorEnum.swift in Sources */ = {isa = PBXBuildFile; fileRef = DEB7CE522C1B1E2700851568 /* BackgroundColorEnum.swift */; };
		DEB7CE562C1B219C00851568 /* HexColor+Extension.swift in Sources */ = {isa = PBXBuildFile; fileRef = DEB7CE552C1B219C00851568 /* HexColor+Extension.swift */; };
		DEB7CE582C1BAE3800851568 /* ForecastIconNameEnum.swift in Sources */ = {isa = PBXBuildFile; fileRef = DEB7CE572C1BAE3800851568 /* ForecastIconNameEnum.swift */; };
		DEB7CE602C1BD24900851568 /* FavouritesTableView.swift in Sources */ = {isa = PBXBuildFile; fileRef = DEB7CE5F2C1BD24800851568 /* FavouritesTableView.swift */; };
		DEB7CE6D2C1BF03100851568 /* FavouritesDetailedViewController.swift in Sources */ = {isa = PBXBuildFile; fileRef = DEB7CE6C2C1BF03100851568 /* FavouritesDetailedViewController.swift */; };
		DEB7CE6F2C1BF07D00851568 /* FavouritesTableViewController.swift in Sources */ = {isa = PBXBuildFile; fileRef = DEB7CE6E2C1BF07D00851568 /* FavouritesTableViewController.swift */; };
		DEB7CE712C1BF6EA00851568 /* TabViewModifier.swift in Sources */ = {isa = PBXBuildFile; fileRef = DEB7CE702C1BF6EA00851568 /* TabViewModifier.swift */; };
		DEB7CE762C1BFA8100851568 /* FavouritesSearchViewController.swift in Sources */ = {isa = PBXBuildFile; fileRef = DEB7CE752C1BFA8100851568 /* FavouritesSearchViewController.swift */; };
		DEB7CE782C1BFAFC00851568 /* FavouritesSearchView.swift in Sources */ = {isa = PBXBuildFile; fileRef = DEB7CE772C1BFAFC00851568 /* FavouritesSearchView.swift */; };
		DEBD26862C1A258C003C85C7 /* HomeTabView+Extension.swift in Sources */ = {isa = PBXBuildFile; fileRef = DEBD26852C1A258C003C85C7 /* HomeTabView+Extension.swift */; };
		DEC36ECE2C1A30E10055A435 /* CustomDividerView.swift in Sources */ = {isa = PBXBuildFile; fileRef = DEC36ECD2C1A30E10055A435 /* CustomDividerView.swift */; };
		DEC36ED02C1A34CE0055A435 /* HomeTabViewModel.swift in Sources */ = {isa = PBXBuildFile; fileRef = DEC36ECF2C1A34CE0055A435 /* HomeTabViewModel.swift */; };
		DED01CA82C199033003CE221 /* WeatherForecastModel.swift in Sources */ = {isa = PBXBuildFile; fileRef = DED01CA72C199033003CE221 /* WeatherForecastModel.swift */; };
		DED01CAA2C19BBE6003CE221 /* LocationManager.swift in Sources */ = {isa = PBXBuildFile; fileRef = DED01CA92C19BBE6003CE221 /* LocationManager.swift */; };
		DED01CBC2C19F5AE003CE221 /* HomeTabView.swift in Sources */ = {isa = PBXBuildFile; fileRef = DED01CB82C19F5AE003CE221 /* HomeTabView.swift */; };
		DED01CBE2C19F91D003CE221 /* CurrentWeatherCardView.swift in Sources */ = {isa = PBXBuildFile; fileRef = DED01CBD2C19F91D003CE221 /* CurrentWeatherCardView.swift */; };
		DED01CC02C1A009F003CE221 /* WeatherForecastCardView.swift in Sources */ = {isa = PBXBuildFile; fileRef = DED01CBF2C1A009F003CE221 /* WeatherForecastCardView.swift */; };
		DEE7605D2C186DC3005DE1D8 /* DVTWeatherApp.swift in Sources */ = {isa = PBXBuildFile; fileRef = DEE7605C2C186DC3005DE1D8 /* DVTWeatherApp.swift */; };
		DEE7605F2C186DC3005DE1D8 /* TabViewHandler.swift in Sources */ = {isa = PBXBuildFile; fileRef = DEE7605E2C186DC3005DE1D8 /* TabViewHandler.swift */; };
		DEE760612C186DC5005DE1D8 /* Assets.xcassets in Resources */ = {isa = PBXBuildFile; fileRef = DEE760602C186DC5005DE1D8 /* Assets.xcassets */; };
		DEE760642C186DC5005DE1D8 /* Preview Assets.xcassets in Resources */ = {isa = PBXBuildFile; fileRef = DEE760632C186DC5005DE1D8 /* Preview Assets.xcassets */; };
		DEE760732C186F7B005DE1D8 /* DVTWeatherAppTests.swift in Sources */ = {isa = PBXBuildFile; fileRef = DEE760722C186F7B005DE1D8 /* DVTWeatherAppTests.swift */; };
		DEE7608B2C187826005DE1D8 /* Pods_DVTWeatherApp.framework in Frameworks */ = {isa = PBXBuildFile; fileRef = DEE7608A2C187826005DE1D8 /* Pods_DVTWeatherApp.framework */; };
		DEE7608C2C187826005DE1D8 /* Pods_DVTWeatherApp.framework in Embed Frameworks */ = {isa = PBXBuildFile; fileRef = DEE7608A2C187826005DE1D8 /* Pods_DVTWeatherApp.framework */; settings = {ATTRIBUTES = (CodeSignOnCopy, RemoveHeadersOnCopy, ); }; };
		DEE760972C18A981005DE1D8 /* CurrentWeatherModel.swift in Sources */ = {isa = PBXBuildFile; fileRef = DEE760962C18A981005DE1D8 /* CurrentWeatherModel.swift */; };
		DEE760992C18ADEB005DE1D8 /* WeatherAPIError.swift in Sources */ = {isa = PBXBuildFile; fileRef = DEE760982C18ADEA005DE1D8 /* WeatherAPIError.swift */; };
		DEE7609C2C18AF54005DE1D8 /* WeatherAPIService.swift in Sources */ = {isa = PBXBuildFile; fileRef = DEE7609B2C18AF54005DE1D8 /* WeatherAPIService.swift */; };
		DEE7609E2C18AF89005DE1D8 /* MockURLSession.swift in Sources */ = {isa = PBXBuildFile; fileRef = DEE7609D2C18AF89005DE1D8 /* MockURLSession.swift */; };
		DEFAB6052C1C9C0B00886DBE /* FavouritesSearchViewController+Extension.swift in Sources */ = {isa = PBXBuildFile; fileRef = DEFAB6042C1C9C0B00886DBE /* FavouritesSearchViewController+Extension.swift */; };
		DEFAB6072C1C9C7A00886DBE /* FavouritesTableViewController+Extension.swift in Sources */ = {isa = PBXBuildFile; fileRef = DEFAB6062C1C9C7A00886DBE /* FavouritesTableViewController+Extension.swift */; };
		DEFAB60B2C1CC93A00886DBE /* LocalityModel.swift in Sources */ = {isa = PBXBuildFile; fileRef = DEFAB60A2C1CC93A00886DBE /* LocalityModel.swift */; };
		E4FCDEF13E83A4348A624B9D /* (null) in Frameworks */ = {isa = PBXBuildFile; };
/* End PBXBuildFile section */

/* Begin PBXContainerItemProxy section */
		DEE760742C186F7B005DE1D8 /* PBXContainerItemProxy */ = {
			isa = PBXContainerItemProxy;
			containerPortal = DEE760512C186DC3005DE1D8 /* Project object */;
			proxyType = 1;
			remoteGlobalIDString = DEE760582C186DC3005DE1D8;
			remoteInfo = DVTWeatherApp;
		};
/* End PBXContainerItemProxy section */

/* Begin PBXCopyFilesBuildPhase section */
		DEE7608D2C187826005DE1D8 /* Embed Frameworks */ = {
			isa = PBXCopyFilesBuildPhase;
			buildActionMask = 2147483647;
			dstPath = "";
			dstSubfolderSpec = 10;
			files = (
				DEE7608C2C187826005DE1D8 /* Pods_DVTWeatherApp.framework in Embed Frameworks */,
			);
			name = "Embed Frameworks";
			runOnlyForDeploymentPostprocessing = 0;
		};
/* End PBXCopyFilesBuildPhase section */

/* Begin PBXFileReference section */
		14EAA5FC0952A71D6642AA1D /* Pods-DVTWeatherAppTests.release.xcconfig */ = {isa = PBXFileReference; includeInIndex = 1; lastKnownFileType = text.xcconfig; name = "Pods-DVTWeatherAppTests.release.xcconfig"; path = "Target Support Files/Pods-DVTWeatherAppTests/Pods-DVTWeatherAppTests.release.xcconfig"; sourceTree = "<group>"; };
		4C0FADB66E435B79937BA91E /* Pods_DVTWeatherAppTests.framework */ = {isa = PBXFileReference; explicitFileType = wrapper.framework; includeInIndex = 0; path = Pods_DVTWeatherAppTests.framework; sourceTree = BUILT_PRODUCTS_DIR; };
		76C8EB9E5DD1DB46A47393EB /* Pods-DVTWeatherApp.release.xcconfig */ = {isa = PBXFileReference; includeInIndex = 1; lastKnownFileType = text.xcconfig; name = "Pods-DVTWeatherApp.release.xcconfig"; path = "Target Support Files/Pods-DVTWeatherApp/Pods-DVTWeatherApp.release.xcconfig"; sourceTree = "<group>"; };
		AD2A2712E56308183634311D /* Pods-DVTWeatherAppTests.debug.xcconfig */ = {isa = PBXFileReference; includeInIndex = 1; lastKnownFileType = text.xcconfig; name = "Pods-DVTWeatherAppTests.debug.xcconfig"; path = "Target Support Files/Pods-DVTWeatherAppTests/Pods-DVTWeatherAppTests.debug.xcconfig"; sourceTree = "<group>"; };
		C7B2237B187FA6B05097C85E /* Pods-DVTWeatherApp.debug.xcconfig */ = {isa = PBXFileReference; includeInIndex = 1; lastKnownFileType = text.xcconfig; name = "Pods-DVTWeatherApp.debug.xcconfig"; path = "Target Support Files/Pods-DVTWeatherApp/Pods-DVTWeatherApp.debug.xcconfig"; sourceTree = "<group>"; };
		DEB7CE4E2C1B08B100851568 /* WeatherDescriptionEnum.swift */ = {isa = PBXFileReference; lastKnownFileType = sourcecode.swift; path = WeatherDescriptionEnum.swift; sourceTree = "<group>"; };
		DEB7CE502C1B12F300851568 /* BackgroundImageNameEnum.swift */ = {isa = PBXFileReference; lastKnownFileType = sourcecode.swift; path = BackgroundImageNameEnum.swift; sourceTree = "<group>"; };
		DEB7CE522C1B1E2700851568 /* BackgroundColorEnum.swift */ = {isa = PBXFileReference; lastKnownFileType = sourcecode.swift; path = BackgroundColorEnum.swift; sourceTree = "<group>"; };
		DEB7CE552C1B219C00851568 /* HexColor+Extension.swift */ = {isa = PBXFileReference; lastKnownFileType = sourcecode.swift; path = "HexColor+Extension.swift"; sourceTree = "<group>"; };
		DEB7CE572C1BAE3800851568 /* ForecastIconNameEnum.swift */ = {isa = PBXFileReference; lastKnownFileType = sourcecode.swift; path = ForecastIconNameEnum.swift; sourceTree = "<group>"; };
		DEB7CE5F2C1BD24800851568 /* FavouritesTableView.swift */ = {isa = PBXFileReference; lastKnownFileType = sourcecode.swift; name = FavouritesTableView.swift; path = /Users/bonginkositshabalala/Documents/GitHub/DVTWeatherApp/DVTWeatherApp/DVTWeatherApp/Features/FavouritesTab/View/FavouritesTableView.swift; sourceTree = "<absolute>"; };
		DEB7CE6C2C1BF03100851568 /* FavouritesDetailedViewController.swift */ = {isa = PBXFileReference; lastKnownFileType = sourcecode.swift; path = FavouritesDetailedViewController.swift; sourceTree = "<group>"; };
		DEB7CE6E2C1BF07D00851568 /* FavouritesTableViewController.swift */ = {isa = PBXFileReference; lastKnownFileType = sourcecode.swift; path = FavouritesTableViewController.swift; sourceTree = "<group>"; };
		DEB7CE702C1BF6EA00851568 /* TabViewModifier.swift */ = {isa = PBXFileReference; lastKnownFileType = sourcecode.swift; path = TabViewModifier.swift; sourceTree = "<group>"; };
		DEB7CE752C1BFA8100851568 /* FavouritesSearchViewController.swift */ = {isa = PBXFileReference; lastKnownFileType = sourcecode.swift; path = FavouritesSearchViewController.swift; sourceTree = "<group>"; };
		DEB7CE772C1BFAFC00851568 /* FavouritesSearchView.swift */ = {isa = PBXFileReference; lastKnownFileType = sourcecode.swift; path = FavouritesSearchView.swift; sourceTree = "<group>"; };
		DEBD26852C1A258C003C85C7 /* HomeTabView+Extension.swift */ = {isa = PBXFileReference; lastKnownFileType = sourcecode.swift; path = "HomeTabView+Extension.swift"; sourceTree = "<group>"; };
		DEC36ECD2C1A30E10055A435 /* CustomDividerView.swift */ = {isa = PBXFileReference; lastKnownFileType = sourcecode.swift; path = CustomDividerView.swift; sourceTree = "<group>"; };
		DEC36ECF2C1A34CE0055A435 /* HomeTabViewModel.swift */ = {isa = PBXFileReference; lastKnownFileType = sourcecode.swift; path = HomeTabViewModel.swift; sourceTree = "<group>"; };
		DED01CA72C199033003CE221 /* WeatherForecastModel.swift */ = {isa = PBXFileReference; lastKnownFileType = sourcecode.swift; path = WeatherForecastModel.swift; sourceTree = "<group>"; };
		DED01CA92C19BBE6003CE221 /* LocationManager.swift */ = {isa = PBXFileReference; lastKnownFileType = sourcecode.swift; path = LocationManager.swift; sourceTree = "<group>"; };
		DED01CAB2C19C295003CE221 /* Info.plist */ = {isa = PBXFileReference; lastKnownFileType = text.plist; path = Info.plist; sourceTree = "<group>"; };
		DED01CB82C19F5AE003CE221 /* HomeTabView.swift */ = {isa = PBXFileReference; fileEncoding = 4; lastKnownFileType = sourcecode.swift; path = HomeTabView.swift; sourceTree = "<group>"; };
		DED01CBD2C19F91D003CE221 /* CurrentWeatherCardView.swift */ = {isa = PBXFileReference; lastKnownFileType = sourcecode.swift; path = CurrentWeatherCardView.swift; sourceTree = "<group>"; };
		DED01CBF2C1A009F003CE221 /* WeatherForecastCardView.swift */ = {isa = PBXFileReference; lastKnownFileType = sourcecode.swift; path = WeatherForecastCardView.swift; sourceTree = "<group>"; };
		DEE760592C186DC3005DE1D8 /* DVTWeatherApp.app */ = {isa = PBXFileReference; explicitFileType = wrapper.application; includeInIndex = 0; path = DVTWeatherApp.app; sourceTree = BUILT_PRODUCTS_DIR; };
		DEE7605C2C186DC3005DE1D8 /* DVTWeatherApp.swift */ = {isa = PBXFileReference; lastKnownFileType = sourcecode.swift; path = DVTWeatherApp.swift; sourceTree = "<group>"; };
		DEE7605E2C186DC3005DE1D8 /* TabViewHandler.swift */ = {isa = PBXFileReference; lastKnownFileType = sourcecode.swift; path = TabViewHandler.swift; sourceTree = "<group>"; };
		DEE760602C186DC5005DE1D8 /* Assets.xcassets */ = {isa = PBXFileReference; lastKnownFileType = folder.assetcatalog; path = Assets.xcassets; sourceTree = "<group>"; };
		DEE760632C186DC5005DE1D8 /* Preview Assets.xcassets */ = {isa = PBXFileReference; lastKnownFileType = folder.assetcatalog; path = "Preview Assets.xcassets"; sourceTree = "<group>"; };
		DEE760702C186F7B005DE1D8 /* DVTWeatherAppTests.xctest */ = {isa = PBXFileReference; explicitFileType = wrapper.cfbundle; includeInIndex = 0; path = DVTWeatherAppTests.xctest; sourceTree = BUILT_PRODUCTS_DIR; };
		DEE760722C186F7B005DE1D8 /* DVTWeatherAppTests.swift */ = {isa = PBXFileReference; lastKnownFileType = sourcecode.swift; path = DVTWeatherAppTests.swift; sourceTree = "<group>"; };
		DEE7608A2C187826005DE1D8 /* Pods_DVTWeatherApp.framework */ = {isa = PBXFileReference; explicitFileType = wrapper.framework; path = Pods_DVTWeatherApp.framework; sourceTree = BUILT_PRODUCTS_DIR; };
		DEE760962C18A981005DE1D8 /* CurrentWeatherModel.swift */ = {isa = PBXFileReference; lastKnownFileType = sourcecode.swift; path = CurrentWeatherModel.swift; sourceTree = "<group>"; };
		DEE760982C18ADEA005DE1D8 /* WeatherAPIError.swift */ = {isa = PBXFileReference; lastKnownFileType = sourcecode.swift; path = WeatherAPIError.swift; sourceTree = "<group>"; };
		DEE7609B2C18AF54005DE1D8 /* WeatherAPIService.swift */ = {isa = PBXFileReference; lastKnownFileType = sourcecode.swift; path = WeatherAPIService.swift; sourceTree = "<group>"; };
		DEE7609D2C18AF89005DE1D8 /* MockURLSession.swift */ = {isa = PBXFileReference; lastKnownFileType = sourcecode.swift; path = MockURLSession.swift; sourceTree = "<group>"; };
		DEFAB6042C1C9C0B00886DBE /* FavouritesSearchViewController+Extension.swift */ = {isa = PBXFileReference; lastKnownFileType = sourcecode.swift; path = "FavouritesSearchViewController+Extension.swift"; sourceTree = "<group>"; };
		DEFAB6062C1C9C7A00886DBE /* FavouritesTableViewController+Extension.swift */ = {isa = PBXFileReference; lastKnownFileType = sourcecode.swift; path = "FavouritesTableViewController+Extension.swift"; sourceTree = "<group>"; };
		DEFAB60A2C1CC93A00886DBE /* LocalityModel.swift */ = {isa = PBXFileReference; lastKnownFileType = sourcecode.swift; path = LocalityModel.swift; sourceTree = "<group>"; };
/* End PBXFileReference section */

/* Begin PBXFrameworksBuildPhase section */
		DEE760562C186DC3005DE1D8 /* Frameworks */ = {
			isa = PBXFrameworksBuildPhase;
			buildActionMask = 2147483647;
			files = (
				DEE7608B2C187826005DE1D8 /* Pods_DVTWeatherApp.framework in Frameworks */,
				E4FCDEF13E83A4348A624B9D /* (null) in Frameworks */,
			);
			runOnlyForDeploymentPostprocessing = 0;
		};
		DEE7606D2C186F7B005DE1D8 /* Frameworks */ = {
			isa = PBXFrameworksBuildPhase;
			buildActionMask = 2147483647;
			files = (
				28046E82A024A1A0E72C6266 /* Pods_DVTWeatherAppTests.framework in Frameworks */,
			);
			runOnlyForDeploymentPostprocessing = 0;
		};
/* End PBXFrameworksBuildPhase section */

/* Begin PBXGroup section */
		156D7F58616656521342DD9A /* Frameworks */ = {
			isa = PBXGroup;
			children = (
				DEE7608A2C187826005DE1D8 /* Pods_DVTWeatherApp.framework */,
				4C0FADB66E435B79937BA91E /* Pods_DVTWeatherAppTests.framework */,
			);
			name = Frameworks;
			sourceTree = "<group>";
		};
		D05ADE1206DF6B955C87C1DA /* Pods */ = {
			isa = PBXGroup;
			children = (
				C7B2237B187FA6B05097C85E /* Pods-DVTWeatherApp.debug.xcconfig */,
				76C8EB9E5DD1DB46A47393EB /* Pods-DVTWeatherApp.release.xcconfig */,
				AD2A2712E56308183634311D /* Pods-DVTWeatherAppTests.debug.xcconfig */,
				14EAA5FC0952A71D6642AA1D /* Pods-DVTWeatherAppTests.release.xcconfig */,
			);
			path = Pods;
			sourceTree = "<group>";
		};
		DEB7CE4D2C1B088C00851568 /* Model */ = {
			isa = PBXGroup;
			children = (
				DEB7CE4E2C1B08B100851568 /* WeatherDescriptionEnum.swift */,
				DEB7CE522C1B1E2700851568 /* BackgroundColorEnum.swift */,
				DEB7CE502C1B12F300851568 /* BackgroundImageNameEnum.swift */,
				DEB7CE572C1BAE3800851568 /* ForecastIconNameEnum.swift */,
			);
			path = Model;
			sourceTree = "<group>";
		};
		DEB7CE542C1B216700851568 /* Utilities */ = {
			isa = PBXGroup;
			children = (
				DEB7CE552C1B219C00851568 /* HexColor+Extension.swift */,
				DEB7CE702C1BF6EA00851568 /* TabViewModifier.swift */,
			);
			path = Utilities;
			sourceTree = "<group>";
		};
		DEB7CE592C1BCF8500851568 /* FavouritesTab */ = {
			isa = PBXGroup;
			children = (
				DEFAB6092C1CC5EF00886DBE /* Model */,
				DEB7CE5A2C1BCFC100851568 /* View */,
				DEFAB6082C1C9C9B00886DBE /* ViewModel */,
			);
			path = FavouritesTab;
			sourceTree = "<group>";
		};
		DEB7CE5A2C1BCFC100851568 /* View */ = {
			isa = PBXGroup;
			children = (
				DEB7CE742C1BF9B100851568 /* FavouritesSearchView */,
				DEB7CE732C1BF97800851568 /* FavouritesDetailedView */,
				DEB7CE722C1BF93E00851568 /* FavouritesTableView */,
			);
			path = View;
			sourceTree = "<group>";
		};
		DEB7CE722C1BF93E00851568 /* FavouritesTableView */ = {
			isa = PBXGroup;
			children = (
				DEB7CE6E2C1BF07D00851568 /* FavouritesTableViewController.swift */,
				DEFAB6062C1C9C7A00886DBE /* FavouritesTableViewController+Extension.swift */,
				DEB7CE5F2C1BD24800851568 /* FavouritesTableView.swift */,
			);
			path = FavouritesTableView;
			sourceTree = "<group>";
		};
		DEB7CE732C1BF97800851568 /* FavouritesDetailedView */ = {
			isa = PBXGroup;
			children = (
				DEB7CE6C2C1BF03100851568 /* FavouritesDetailedViewController.swift */,
			);
			path = FavouritesDetailedView;
			sourceTree = "<group>";
		};
		DEB7CE742C1BF9B100851568 /* FavouritesSearchView */ = {
			isa = PBXGroup;
			children = (
				DEB7CE752C1BFA8100851568 /* FavouritesSearchViewController.swift */,
				DEFAB6042C1C9C0B00886DBE /* FavouritesSearchViewController+Extension.swift */,
				DEB7CE772C1BFAFC00851568 /* FavouritesSearchView.swift */,
			);
			path = FavouritesSearchView;
			sourceTree = "<group>";
		};
		DED01CAC2C19EDF6003CE221 /* Features */ = {
			isa = PBXGroup;
			children = (
				DEB7CE592C1BCF8500851568 /* FavouritesTab */,
				DED01CBB2C19F5AE003CE221 /* HomeTab */,
			);
			path = Features;
			sourceTree = "<group>";
		};
		DED01CAD2C19EE26003CE221 /* Components */ = {
			isa = PBXGroup;
			children = (
				DED01CBD2C19F91D003CE221 /* CurrentWeatherCardView.swift */,
				DED01CBF2C1A009F003CE221 /* WeatherForecastCardView.swift */,
				DEC36ECD2C1A30E10055A435 /* CustomDividerView.swift */,
			);
			path = Components;
			sourceTree = "<group>";
		};
		DED01CAE2C19EE43003CE221 /* Core */ = {
			isa = PBXGroup;
			children = (
				DED01CB02C19F18F003CE221 /* Model */,
				DED01CAF2C19F0CF003CE221 /* View */,
				DEE7605C2C186DC3005DE1D8 /* DVTWeatherApp.swift */,
			);
			path = Core;
			sourceTree = "<group>";
		};
		DED01CAF2C19F0CF003CE221 /* View */ = {
			isa = PBXGroup;
			children = (
				DEE7605E2C186DC3005DE1D8 /* TabViewHandler.swift */,
			);
			path = View;
			sourceTree = "<group>";
		};
		DED01CB02C19F18F003CE221 /* Model */ = {
			isa = PBXGroup;
			children = (
				DED01CA92C19BBE6003CE221 /* LocationManager.swift */,
			);
			path = Model;
			sourceTree = "<group>";
		};
		DED01CB92C19F5AE003CE221 /* View */ = {
			isa = PBXGroup;
			children = (
				DED01CB82C19F5AE003CE221 /* HomeTabView.swift */,
				DEBD26852C1A258C003C85C7 /* HomeTabView+Extension.swift */,
			);
			path = View;
			sourceTree = "<group>";
		};
		DED01CBA2C19F5AE003CE221 /* ViewModel */ = {
			isa = PBXGroup;
			children = (
				DEC36ECF2C1A34CE0055A435 /* HomeTabViewModel.swift */,
			);
			path = ViewModel;
			sourceTree = "<group>";
		};
		DED01CBB2C19F5AE003CE221 /* HomeTab */ = {
			isa = PBXGroup;
			children = (
				DEB7CE4D2C1B088C00851568 /* Model */,
				DED01CB92C19F5AE003CE221 /* View */,
				DED01CBA2C19F5AE003CE221 /* ViewModel */,
			);
			path = HomeTab;
			sourceTree = "<group>";
		};
		DEE760502C186DC3005DE1D8 = {
			isa = PBXGroup;
			children = (
				DEE7605B2C186DC3005DE1D8 /* DVTWeatherApp */,
				DEE760712C186F7B005DE1D8 /* DVTWeatherAppTests */,
				DEE7605A2C186DC3005DE1D8 /* Products */,
				D05ADE1206DF6B955C87C1DA /* Pods */,
				156D7F58616656521342DD9A /* Frameworks */,
			);
			sourceTree = "<group>";
		};
		DEE7605A2C186DC3005DE1D8 /* Products */ = {
			isa = PBXGroup;
			children = (
				DEE760592C186DC3005DE1D8 /* DVTWeatherApp.app */,
				DEE760702C186F7B005DE1D8 /* DVTWeatherAppTests.xctest */,
			);
			name = Products;
			sourceTree = "<group>";
		};
		DEE7605B2C186DC3005DE1D8 /* DVTWeatherApp */ = {
			isa = PBXGroup;
			children = (
				DED01CAB2C19C295003CE221 /* Info.plist */,
				DEB7CE542C1B216700851568 /* Utilities */,
				DEE760942C18A901005DE1D8 /* Networking  */,
				DED01CAD2C19EE26003CE221 /* Components */,
				DED01CAC2C19EDF6003CE221 /* Features */,
				DED01CAE2C19EE43003CE221 /* Core */,
				DEE760602C186DC5005DE1D8 /* Assets.xcassets */,
				DEE760622C186DC5005DE1D8 /* Preview Content */,
			);
			path = DVTWeatherApp;
			sourceTree = "<group>";
		};
		DEE760622C186DC5005DE1D8 /* Preview Content */ = {
			isa = PBXGroup;
			children = (
				DEE760632C186DC5005DE1D8 /* Preview Assets.xcassets */,
			);
			path = "Preview Content";
			sourceTree = "<group>";
		};
		DEE760712C186F7B005DE1D8 /* DVTWeatherAppTests */ = {
			isa = PBXGroup;
			children = (
				DEE760722C186F7B005DE1D8 /* DVTWeatherAppTests.swift */,
			);
			path = DVTWeatherAppTests;
			sourceTree = "<group>";
		};
		DEE760942C18A901005DE1D8 /* Networking  */ = {
			isa = PBXGroup;
			children = (
				DEE7609A2C18AED4005DE1D8 /* Service */,
				DEE760952C18A951005DE1D8 /* Model */,
				DEE7609D2C18AF89005DE1D8 /* MockURLSession.swift */,
			);
			path = "Networking ";
			sourceTree = "<group>";
		};
		DEE760952C18A951005DE1D8 /* Model */ = {
			isa = PBXGroup;
			children = (
				DEE760962C18A981005DE1D8 /* CurrentWeatherModel.swift */,
				DEE760982C18ADEA005DE1D8 /* WeatherAPIError.swift */,
				DED01CA72C199033003CE221 /* WeatherForecastModel.swift */,
			);
			path = Model;
			sourceTree = "<group>";
		};
		DEE7609A2C18AED4005DE1D8 /* Service */ = {
			isa = PBXGroup;
			children = (
				DEE7609B2C18AF54005DE1D8 /* WeatherAPIService.swift */,
			);
			path = Service;
			sourceTree = "<group>";
		};
		DEFAB6082C1C9C9B00886DBE /* ViewModel */ = {
			isa = PBXGroup;
			children = (
			);
			path = ViewModel;
			sourceTree = "<group>";
		};
		DEFAB6092C1CC5EF00886DBE /* Model */ = {
			isa = PBXGroup;
			children = (
				DEFAB60A2C1CC93A00886DBE /* LocalityModel.swift */,
			);
			path = Model;
			sourceTree = "<group>";
		};
/* End PBXGroup section */

/* Begin PBXNativeTarget section */
		DEE760582C186DC3005DE1D8 /* DVTWeatherApp */ = {
			isa = PBXNativeTarget;
			buildConfigurationList = DEE760672C186DC5005DE1D8 /* Build configuration list for PBXNativeTarget "DVTWeatherApp" */;
			buildPhases = (
				B99B7F1C4562BA5E22A731FE /* [CP] Check Pods Manifest.lock */,
				DEE760552C186DC3005DE1D8 /* Sources */,
				DEE760562C186DC3005DE1D8 /* Frameworks */,
				DEE760572C186DC3005DE1D8 /* Resources */,
				DEE7608D2C187826005DE1D8 /* Embed Frameworks */,
				DEE760922C1880B3005DE1D8 /* Run SwiftLint */,
				DEE760932C188570005DE1D8 /* Run SwiftFormat */,
			);
			buildRules = (
			);
			dependencies = (
			);
			name = DVTWeatherApp;
			productName = DVTWeatherApp;
			productReference = DEE760592C186DC3005DE1D8 /* DVTWeatherApp.app */;
			productType = "com.apple.product-type.application";
		};
		DEE7606F2C186F7B005DE1D8 /* DVTWeatherAppTests */ = {
			isa = PBXNativeTarget;
			buildConfigurationList = DEE760762C186F7B005DE1D8 /* Build configuration list for PBXNativeTarget "DVTWeatherAppTests" */;
			buildPhases = (
				1C63499E8D14B5C38024A045 /* [CP] Check Pods Manifest.lock */,
				DEE7606C2C186F7B005DE1D8 /* Sources */,
				DEE7606D2C186F7B005DE1D8 /* Frameworks */,
				DEE7606E2C186F7B005DE1D8 /* Resources */,
			);
			buildRules = (
			);
			dependencies = (
				DEE760752C186F7B005DE1D8 /* PBXTargetDependency */,
			);
			name = DVTWeatherAppTests;
			productName = DVTWeatherAppTests;
			productReference = DEE760702C186F7B005DE1D8 /* DVTWeatherAppTests.xctest */;
			productType = "com.apple.product-type.bundle.unit-test";
		};
/* End PBXNativeTarget section */

/* Begin PBXProject section */
		DEE760512C186DC3005DE1D8 /* Project object */ = {
			isa = PBXProject;
			attributes = {
				BuildIndependentTargetsInParallel = 1;
				LastSwiftUpdateCheck = 1540;
				LastUpgradeCheck = 1540;
				TargetAttributes = {
					DEE760582C186DC3005DE1D8 = {
						CreatedOnToolsVersion = 15.4;
					};
					DEE7606F2C186F7B005DE1D8 = {
						CreatedOnToolsVersion = 15.4;
						TestTargetID = DEE760582C186DC3005DE1D8;
					};
				};
			};
			buildConfigurationList = DEE760542C186DC3005DE1D8 /* Build configuration list for PBXProject "DVTWeatherApp" */;
			compatibilityVersion = "Xcode 14.0";
			developmentRegion = en;
			hasScannedForEncodings = 0;
			knownRegions = (
				en,
				Base,
			);
			mainGroup = DEE760502C186DC3005DE1D8;
			productRefGroup = DEE7605A2C186DC3005DE1D8 /* Products */;
			projectDirPath = "";
			projectRoot = "";
			targets = (
				DEE760582C186DC3005DE1D8 /* DVTWeatherApp */,
				DEE7606F2C186F7B005DE1D8 /* DVTWeatherAppTests */,
			);
		};
/* End PBXProject section */

/* Begin PBXResourcesBuildPhase section */
		DEE760572C186DC3005DE1D8 /* Resources */ = {
			isa = PBXResourcesBuildPhase;
			buildActionMask = 2147483647;
			files = (
				DEE760642C186DC5005DE1D8 /* Preview Assets.xcassets in Resources */,
				DEE760612C186DC5005DE1D8 /* Assets.xcassets in Resources */,
			);
			runOnlyForDeploymentPostprocessing = 0;
		};
		DEE7606E2C186F7B005DE1D8 /* Resources */ = {
			isa = PBXResourcesBuildPhase;
			buildActionMask = 2147483647;
			files = (
			);
			runOnlyForDeploymentPostprocessing = 0;
		};
/* End PBXResourcesBuildPhase section */

/* Begin PBXShellScriptBuildPhase section */
		1C63499E8D14B5C38024A045 /* [CP] Check Pods Manifest.lock */ = {
			isa = PBXShellScriptBuildPhase;
			buildActionMask = 2147483647;
			files = (
			);
			inputFileListPaths = (
			);
			inputPaths = (
				"${PODS_PODFILE_DIR_PATH}/Podfile.lock",
				"${PODS_ROOT}/Manifest.lock",
			);
			name = "[CP] Check Pods Manifest.lock";
			outputFileListPaths = (
			);
			outputPaths = (
				"$(DERIVED_FILE_DIR)/Pods-DVTWeatherAppTests-checkManifestLockResult.txt",
			);
			runOnlyForDeploymentPostprocessing = 0;
			shellPath = /bin/sh;
			shellScript = "diff \"${PODS_PODFILE_DIR_PATH}/Podfile.lock\" \"${PODS_ROOT}/Manifest.lock\" > /dev/null\nif [ $? != 0 ] ; then\n    # print error to STDERR\n    echo \"error: The sandbox is not in sync with the Podfile.lock. Run 'pod install' or update your CocoaPods installation.\" >&2\n    exit 1\nfi\n# This output is used by Xcode 'outputs' to avoid re-running this script phase.\necho \"SUCCESS\" > \"${SCRIPT_OUTPUT_FILE_0}\"\n";
			showEnvVarsInLog = 0;
		};
		B99B7F1C4562BA5E22A731FE /* [CP] Check Pods Manifest.lock */ = {
			isa = PBXShellScriptBuildPhase;
			buildActionMask = 2147483647;
			files = (
			);
			inputFileListPaths = (
			);
			inputPaths = (
				"${PODS_PODFILE_DIR_PATH}/Podfile.lock",
				"${PODS_ROOT}/Manifest.lock",
			);
			name = "[CP] Check Pods Manifest.lock";
			outputFileListPaths = (
			);
			outputPaths = (
				"$(DERIVED_FILE_DIR)/Pods-DVTWeatherApp-checkManifestLockResult.txt",
			);
			runOnlyForDeploymentPostprocessing = 0;
			shellPath = /bin/sh;
			shellScript = "diff \"${PODS_PODFILE_DIR_PATH}/Podfile.lock\" \"${PODS_ROOT}/Manifest.lock\" > /dev/null\nif [ $? != 0 ] ; then\n    # print error to STDERR\n    echo \"error: The sandbox is not in sync with the Podfile.lock. Run 'pod install' or update your CocoaPods installation.\" >&2\n    exit 1\nfi\n# This output is used by Xcode 'outputs' to avoid re-running this script phase.\necho \"SUCCESS\" > \"${SCRIPT_OUTPUT_FILE_0}\"\n";
			showEnvVarsInLog = 0;
		};
		DEE760922C1880B3005DE1D8 /* Run SwiftLint */ = {
			isa = PBXShellScriptBuildPhase;
			alwaysOutOfDate = 1;
			buildActionMask = 2147483647;
			files = (
			);
			inputFileListPaths = (
			);
			inputPaths = (
			);
			name = "Run SwiftLint";
			outputFileListPaths = (
			);
			outputPaths = (
			);
			runOnlyForDeploymentPostprocessing = 0;
			shellPath = /bin/sh;
			shellScript = "export PATH=\"$PATH:/opt/homebrew/bin\"\nif which swiftlint > /dev/null; then\n    swiftlint\nelse\n    echo \"warning: SwiftLint not installed, download from https://github.com/realm/SwiftLint\"\nfi\n";
		};
		DEE760932C188570005DE1D8 /* Run SwiftFormat */ = {
			isa = PBXShellScriptBuildPhase;
			alwaysOutOfDate = 1;
			buildActionMask = 2147483647;
			files = (
			);
			inputFileListPaths = (
			);
			inputPaths = (
			);
			name = "Run SwiftFormat";
			outputFileListPaths = (
			);
			outputPaths = (
			);
			runOnlyForDeploymentPostprocessing = 0;
			shellPath = /bin/sh;
			shellScript = "export PATH=\"$PATH:/opt/homebrew/bin\"\nif which swiftformat >/dev/null; then\n  swiftformat .\nelse\n  echo \"warning: SwiftFormat not installed, download from https://github.com/nicklockwood/SwiftFormat\"\nfi\n";
		};
/* End PBXShellScriptBuildPhase section */

/* Begin PBXSourcesBuildPhase section */
		DEE760552C186DC3005DE1D8 /* Sources */ = {
			isa = PBXSourcesBuildPhase;
			buildActionMask = 2147483647;
			files = (
				DEB7CE6D2C1BF03100851568 /* FavouritesDetailedViewController.swift in Sources */,
				DEB7CE602C1BD24900851568 /* FavouritesTableView.swift in Sources */,
				DEE7609E2C18AF89005DE1D8 /* MockURLSession.swift in Sources */,
				DEB7CE6F2C1BF07D00851568 /* FavouritesTableViewController.swift in Sources */,
				DEB7CE512C1B12F400851568 /* BackgroundImageNameEnum.swift in Sources */,
				DED01CBE2C19F91D003CE221 /* CurrentWeatherCardView.swift in Sources */,
				DED01CA82C199033003CE221 /* WeatherForecastModel.swift in Sources */,
				DEE7609C2C18AF54005DE1D8 /* WeatherAPIService.swift in Sources */,
				DED01CBC2C19F5AE003CE221 /* HomeTabView.swift in Sources */,
				DEC36ECE2C1A30E10055A435 /* CustomDividerView.swift in Sources */,
				DEFAB6052C1C9C0B00886DBE /* FavouritesSearchViewController+Extension.swift in Sources */,
				DEB7CE712C1BF6EA00851568 /* TabViewModifier.swift in Sources */,
				DEB7CE782C1BFAFC00851568 /* FavouritesSearchView.swift in Sources */,
				DEBD26862C1A258C003C85C7 /* HomeTabView+Extension.swift in Sources */,
				DEE760992C18ADEB005DE1D8 /* WeatherAPIError.swift in Sources */,
				DED01CC02C1A009F003CE221 /* WeatherForecastCardView.swift in Sources */,
				DEE7605F2C186DC3005DE1D8 /* TabViewHandler.swift in Sources */,
				DED01CAA2C19BBE6003CE221 /* LocationManager.swift in Sources */,
				DEB7CE4F2C1B08B100851568 /* WeatherDescriptionEnum.swift in Sources */,
				DEE7605D2C186DC3005DE1D8 /* DVTWeatherApp.swift in Sources */,
				DEFAB60B2C1CC93A00886DBE /* LocalityModel.swift in Sources */,
				DEE760972C18A981005DE1D8 /* CurrentWeatherModel.swift in Sources */,
				DEB7CE582C1BAE3800851568 /* ForecastIconNameEnum.swift in Sources */,
				DEB7CE762C1BFA8100851568 /* FavouritesSearchViewController.swift in Sources */,
				DEC36ED02C1A34CE0055A435 /* HomeTabViewModel.swift in Sources */,
				DEB7CE532C1B1E2800851568 /* BackgroundColorEnum.swift in Sources */,
				DEFAB6072C1C9C7A00886DBE /* FavouritesTableViewController+Extension.swift in Sources */,
				DEB7CE562C1B219C00851568 /* HexColor+Extension.swift in Sources */,
			);
			runOnlyForDeploymentPostprocessing = 0;
		};
		DEE7606C2C186F7B005DE1D8 /* Sources */ = {
			isa = PBXSourcesBuildPhase;
			buildActionMask = 2147483647;
			files = (
				DEE760732C186F7B005DE1D8 /* DVTWeatherAppTests.swift in Sources */,
			);
			runOnlyForDeploymentPostprocessing = 0;
		};
/* End PBXSourcesBuildPhase section */

/* Begin PBXTargetDependency section */
		DEE760752C186F7B005DE1D8 /* PBXTargetDependency */ = {
			isa = PBXTargetDependency;
			target = DEE760582C186DC3005DE1D8 /* DVTWeatherApp */;
			targetProxy = DEE760742C186F7B005DE1D8 /* PBXContainerItemProxy */;
		};
/* End PBXTargetDependency section */

/* Begin XCBuildConfiguration section */
		DEE760652C186DC5005DE1D8 /* Debug */ = {
			isa = XCBuildConfiguration;
			buildSettings = {
				ALWAYS_SEARCH_USER_PATHS = NO;
				ASSETCATALOG_COMPILER_GENERATE_SWIFT_ASSET_SYMBOL_EXTENSIONS = YES;
				CLANG_ANALYZER_NONNULL = YES;
				CLANG_ANALYZER_NUMBER_OBJECT_CONVERSION = YES_AGGRESSIVE;
				CLANG_CXX_LANGUAGE_STANDARD = "gnu++20";
				CLANG_ENABLE_MODULES = YES;
				CLANG_ENABLE_OBJC_ARC = YES;
				CLANG_ENABLE_OBJC_WEAK = YES;
				CLANG_WARN_BLOCK_CAPTURE_AUTORELEASING = YES;
				CLANG_WARN_BOOL_CONVERSION = YES;
				CLANG_WARN_COMMA = YES;
				CLANG_WARN_CONSTANT_CONVERSION = YES;
				CLANG_WARN_DEPRECATED_OBJC_IMPLEMENTATIONS = YES;
				CLANG_WARN_DIRECT_OBJC_ISA_USAGE = YES_ERROR;
				CLANG_WARN_DOCUMENTATION_COMMENTS = YES;
				CLANG_WARN_EMPTY_BODY = YES;
				CLANG_WARN_ENUM_CONVERSION = YES;
				CLANG_WARN_INFINITE_RECURSION = YES;
				CLANG_WARN_INT_CONVERSION = YES;
				CLANG_WARN_NON_LITERAL_NULL_CONVERSION = YES;
				CLANG_WARN_OBJC_IMPLICIT_RETAIN_SELF = YES;
				CLANG_WARN_OBJC_LITERAL_CONVERSION = YES;
				CLANG_WARN_OBJC_ROOT_CLASS = YES_ERROR;
				CLANG_WARN_QUOTED_INCLUDE_IN_FRAMEWORK_HEADER = YES;
				CLANG_WARN_RANGE_LOOP_ANALYSIS = YES;
				CLANG_WARN_STRICT_PROTOTYPES = YES;
				CLANG_WARN_SUSPICIOUS_MOVE = YES;
				CLANG_WARN_UNGUARDED_AVAILABILITY = YES_AGGRESSIVE;
				CLANG_WARN_UNREACHABLE_CODE = YES;
				CLANG_WARN__DUPLICATE_METHOD_MATCH = YES;
				COPY_PHASE_STRIP = NO;
				DEBUG_INFORMATION_FORMAT = dwarf;
				ENABLE_STRICT_OBJC_MSGSEND = YES;
				ENABLE_TESTABILITY = YES;
				ENABLE_USER_SCRIPT_SANDBOXING = YES;
				GCC_C_LANGUAGE_STANDARD = gnu17;
				GCC_DYNAMIC_NO_PIC = NO;
				GCC_NO_COMMON_BLOCKS = YES;
				GCC_OPTIMIZATION_LEVEL = 0;
				GCC_PREPROCESSOR_DEFINITIONS = (
					"DEBUG=1",
					"$(inherited)",
				);
				GCC_WARN_64_TO_32_BIT_CONVERSION = YES;
				GCC_WARN_ABOUT_RETURN_TYPE = YES_ERROR;
				GCC_WARN_UNDECLARED_SELECTOR = YES;
				GCC_WARN_UNINITIALIZED_AUTOS = YES_AGGRESSIVE;
				GCC_WARN_UNUSED_FUNCTION = YES;
				GCC_WARN_UNUSED_VARIABLE = YES;
				IPHONEOS_DEPLOYMENT_TARGET = 17.5;
				LOCALIZATION_PREFERS_STRING_CATALOGS = YES;
				MTL_ENABLE_DEBUG_INFO = INCLUDE_SOURCE;
				MTL_FAST_MATH = YES;
				ONLY_ACTIVE_ARCH = YES;
				SDKROOT = iphoneos;
				SWIFT_ACTIVE_COMPILATION_CONDITIONS = "DEBUG $(inherited)";
				SWIFT_OPTIMIZATION_LEVEL = "-Onone";
			};
			name = Debug;
		};
		DEE760662C186DC5005DE1D8 /* Release */ = {
			isa = XCBuildConfiguration;
			buildSettings = {
				ALWAYS_SEARCH_USER_PATHS = NO;
				ASSETCATALOG_COMPILER_GENERATE_SWIFT_ASSET_SYMBOL_EXTENSIONS = YES;
				CLANG_ANALYZER_NONNULL = YES;
				CLANG_ANALYZER_NUMBER_OBJECT_CONVERSION = YES_AGGRESSIVE;
				CLANG_CXX_LANGUAGE_STANDARD = "gnu++20";
				CLANG_ENABLE_MODULES = YES;
				CLANG_ENABLE_OBJC_ARC = YES;
				CLANG_ENABLE_OBJC_WEAK = YES;
				CLANG_WARN_BLOCK_CAPTURE_AUTORELEASING = YES;
				CLANG_WARN_BOOL_CONVERSION = YES;
				CLANG_WARN_COMMA = YES;
				CLANG_WARN_CONSTANT_CONVERSION = YES;
				CLANG_WARN_DEPRECATED_OBJC_IMPLEMENTATIONS = YES;
				CLANG_WARN_DIRECT_OBJC_ISA_USAGE = YES_ERROR;
				CLANG_WARN_DOCUMENTATION_COMMENTS = YES;
				CLANG_WARN_EMPTY_BODY = YES;
				CLANG_WARN_ENUM_CONVERSION = YES;
				CLANG_WARN_INFINITE_RECURSION = YES;
				CLANG_WARN_INT_CONVERSION = YES;
				CLANG_WARN_NON_LITERAL_NULL_CONVERSION = YES;
				CLANG_WARN_OBJC_IMPLICIT_RETAIN_SELF = YES;
				CLANG_WARN_OBJC_LITERAL_CONVERSION = YES;
				CLANG_WARN_OBJC_ROOT_CLASS = YES_ERROR;
				CLANG_WARN_QUOTED_INCLUDE_IN_FRAMEWORK_HEADER = YES;
				CLANG_WARN_RANGE_LOOP_ANALYSIS = YES;
				CLANG_WARN_STRICT_PROTOTYPES = YES;
				CLANG_WARN_SUSPICIOUS_MOVE = YES;
				CLANG_WARN_UNGUARDED_AVAILABILITY = YES_AGGRESSIVE;
				CLANG_WARN_UNREACHABLE_CODE = YES;
				CLANG_WARN__DUPLICATE_METHOD_MATCH = YES;
				COPY_PHASE_STRIP = NO;
				DEBUG_INFORMATION_FORMAT = "dwarf-with-dsym";
				ENABLE_NS_ASSERTIONS = NO;
				ENABLE_STRICT_OBJC_MSGSEND = YES;
				ENABLE_USER_SCRIPT_SANDBOXING = YES;
				GCC_C_LANGUAGE_STANDARD = gnu17;
				GCC_NO_COMMON_BLOCKS = YES;
				GCC_WARN_64_TO_32_BIT_CONVERSION = YES;
				GCC_WARN_ABOUT_RETURN_TYPE = YES_ERROR;
				GCC_WARN_UNDECLARED_SELECTOR = YES;
				GCC_WARN_UNINITIALIZED_AUTOS = YES_AGGRESSIVE;
				GCC_WARN_UNUSED_FUNCTION = YES;
				GCC_WARN_UNUSED_VARIABLE = YES;
				IPHONEOS_DEPLOYMENT_TARGET = 17.5;
				LOCALIZATION_PREFERS_STRING_CATALOGS = YES;
				MTL_ENABLE_DEBUG_INFO = NO;
				MTL_FAST_MATH = YES;
				SDKROOT = iphoneos;
				SWIFT_COMPILATION_MODE = wholemodule;
				VALIDATE_PRODUCT = YES;
			};
			name = Release;
		};
		DEE760682C186DC5005DE1D8 /* Debug */ = {
			isa = XCBuildConfiguration;
			baseConfigurationReference = C7B2237B187FA6B05097C85E /* Pods-DVTWeatherApp.debug.xcconfig */;
			buildSettings = {
				ASSETCATALOG_COMPILER_APPICON_NAME = AppIcon;
				ASSETCATALOG_COMPILER_GLOBAL_ACCENT_COLOR_NAME = AccentColor;
				CODE_SIGN_STYLE = Automatic;
				CURRENT_PROJECT_VERSION = 1;
				DEVELOPMENT_ASSET_PATHS = "\"DVTWeatherApp/Preview Content\"";
				DEVELOPMENT_TEAM = 2RWQ79GVQP;
				ENABLE_PREVIEWS = YES;
				ENABLE_USER_SCRIPT_SANDBOXING = NO;
				GENERATE_INFOPLIST_FILE = YES;
				INFOPLIST_FILE = DVTWeatherApp/Info.plist;
				INFOPLIST_KEY_CFBundleDisplayName = "DVT Weather";
				INFOPLIST_KEY_NSLocationAlwaysAndWhenInUseUsageDescription = "Please Grant Permission for Location Access to Retrieve Current Weather Based on Your Location";
				INFOPLIST_KEY_NSLocationWhenInUseUsageDescription = "Please Grant Permission for Location Access to Retrieve Current Weather Based on Your Location";
				INFOPLIST_KEY_UIApplicationSceneManifest_Generation = YES;
				INFOPLIST_KEY_UIApplicationSupportsIndirectInputEvents = YES;
				INFOPLIST_KEY_UILaunchScreen_Generation = YES;
				INFOPLIST_KEY_UISupportedInterfaceOrientations = UIInterfaceOrientationPortrait;
				LD_RUNPATH_SEARCH_PATHS = (
					"$(inherited)",
					"@executable_path/Frameworks",
				);
				MARKETING_VERSION = 1.0;
				PRODUCT_BUNDLE_IDENTIFIER = com.Bonginkosi.DVTWeatherApp;
				PRODUCT_NAME = "$(TARGET_NAME)";
				SUPPORTED_PLATFORMS = "iphoneos iphonesimulator";
				SUPPORTS_MACCATALYST = NO;
				SUPPORTS_MAC_DESIGNED_FOR_IPHONE_IPAD = NO;
				SUPPORTS_XR_DESIGNED_FOR_IPHONE_IPAD = NO;
				SWIFT_EMIT_LOC_STRINGS = YES;
				SWIFT_VERSION = 5.0;
				TARGETED_DEVICE_FAMILY = 1;
			};
			name = Debug;
		};
		DEE760692C186DC5005DE1D8 /* Release */ = {
			isa = XCBuildConfiguration;
			baseConfigurationReference = 76C8EB9E5DD1DB46A47393EB /* Pods-DVTWeatherApp.release.xcconfig */;
			buildSettings = {
				ASSETCATALOG_COMPILER_APPICON_NAME = AppIcon;
				ASSETCATALOG_COMPILER_GLOBAL_ACCENT_COLOR_NAME = AccentColor;
				CODE_SIGN_STYLE = Automatic;
				CURRENT_PROJECT_VERSION = 1;
				DEVELOPMENT_ASSET_PATHS = "\"DVTWeatherApp/Preview Content\"";
				DEVELOPMENT_TEAM = 2RWQ79GVQP;
				ENABLE_PREVIEWS = YES;
				ENABLE_USER_SCRIPT_SANDBOXING = NO;
				GENERATE_INFOPLIST_FILE = YES;
				INFOPLIST_FILE = DVTWeatherApp/Info.plist;
				INFOPLIST_KEY_CFBundleDisplayName = "DVT Weather";
				INFOPLIST_KEY_NSLocationAlwaysAndWhenInUseUsageDescription = "Please Grant Permission for Location Access to Retrieve Current Weather Based on Your Location";
				INFOPLIST_KEY_NSLocationWhenInUseUsageDescription = "Please Grant Permission for Location Access to Retrieve Current Weather Based on Your Location";
				INFOPLIST_KEY_UIApplicationSceneManifest_Generation = YES;
				INFOPLIST_KEY_UIApplicationSupportsIndirectInputEvents = YES;
				INFOPLIST_KEY_UILaunchScreen_Generation = YES;
				INFOPLIST_KEY_UISupportedInterfaceOrientations = UIInterfaceOrientationPortrait;
				LD_RUNPATH_SEARCH_PATHS = (
					"$(inherited)",
					"@executable_path/Frameworks",
				);
				MARKETING_VERSION = 1.0;
				PRODUCT_BUNDLE_IDENTIFIER = com.Bonginkosi.DVTWeatherApp;
				PRODUCT_NAME = "$(TARGET_NAME)";
				SUPPORTED_PLATFORMS = "iphoneos iphonesimulator";
				SUPPORTS_MACCATALYST = NO;
				SUPPORTS_MAC_DESIGNED_FOR_IPHONE_IPAD = NO;
				SUPPORTS_XR_DESIGNED_FOR_IPHONE_IPAD = NO;
				SWIFT_EMIT_LOC_STRINGS = YES;
				SWIFT_VERSION = 5.0;
				TARGETED_DEVICE_FAMILY = 1;
			};
			name = Release;
		};
		DEE760772C186F7B005DE1D8 /* Debug */ = {
			isa = XCBuildConfiguration;
			baseConfigurationReference = AD2A2712E56308183634311D /* Pods-DVTWeatherAppTests.debug.xcconfig */;
			buildSettings = {
				BUNDLE_LOADER = "$(TEST_HOST)";
				CODE_SIGN_STYLE = Automatic;
				CURRENT_PROJECT_VERSION = 1;
				DEVELOPMENT_TEAM = 2RWQ79GVQP;
				GENERATE_INFOPLIST_FILE = YES;
				MARKETING_VERSION = 1.0;
				PRODUCT_BUNDLE_IDENTIFIER = com.Bonginkosi.DVTWeatherAppTests;
				PRODUCT_NAME = "$(TARGET_NAME)";
				SWIFT_EMIT_LOC_STRINGS = NO;
				SWIFT_VERSION = 5.0;
				TARGETED_DEVICE_FAMILY = "1,2";
				TEST_HOST = "$(BUILT_PRODUCTS_DIR)/DVTWeatherApp.app/$(BUNDLE_EXECUTABLE_FOLDER_PATH)/DVTWeatherApp";
			};
			name = Debug;
		};
		DEE760782C186F7B005DE1D8 /* Release */ = {
			isa = XCBuildConfiguration;
			baseConfigurationReference = 14EAA5FC0952A71D6642AA1D /* Pods-DVTWeatherAppTests.release.xcconfig */;
			buildSettings = {
				BUNDLE_LOADER = "$(TEST_HOST)";
				CODE_SIGN_STYLE = Automatic;
				CURRENT_PROJECT_VERSION = 1;
				DEVELOPMENT_TEAM = 2RWQ79GVQP;
				GENERATE_INFOPLIST_FILE = YES;
				MARKETING_VERSION = 1.0;
				PRODUCT_BUNDLE_IDENTIFIER = com.Bonginkosi.DVTWeatherAppTests;
				PRODUCT_NAME = "$(TARGET_NAME)";
				SWIFT_EMIT_LOC_STRINGS = NO;
				SWIFT_VERSION = 5.0;
				TARGETED_DEVICE_FAMILY = "1,2";
				TEST_HOST = "$(BUILT_PRODUCTS_DIR)/DVTWeatherApp.app/$(BUNDLE_EXECUTABLE_FOLDER_PATH)/DVTWeatherApp";
			};
			name = Release;
		};
/* End XCBuildConfiguration section */

/* Begin XCConfigurationList section */
		DEE760542C186DC3005DE1D8 /* Build configuration list for PBXProject "DVTWeatherApp" */ = {
			isa = XCConfigurationList;
			buildConfigurations = (
				DEE760652C186DC5005DE1D8 /* Debug */,
				DEE760662C186DC5005DE1D8 /* Release */,
			);
			defaultConfigurationIsVisible = 0;
			defaultConfigurationName = Release;
		};
		DEE760672C186DC5005DE1D8 /* Build configuration list for PBXNativeTarget "DVTWeatherApp" */ = {
			isa = XCConfigurationList;
			buildConfigurations = (
				DEE760682C186DC5005DE1D8 /* Debug */,
				DEE760692C186DC5005DE1D8 /* Release */,
			);
			defaultConfigurationIsVisible = 0;
			defaultConfigurationName = Release;
		};
		DEE760762C186F7B005DE1D8 /* Build configuration list for PBXNativeTarget "DVTWeatherAppTests" */ = {
			isa = XCConfigurationList;
			buildConfigurations = (
				DEE760772C186F7B005DE1D8 /* Debug */,
				DEE760782C186F7B005DE1D8 /* Release */,
			);
			defaultConfigurationIsVisible = 0;
			defaultConfigurationName = Release;
		};
/* End XCConfigurationList section */
	};
	rootObject = DEE760512C186DC3005DE1D8 /* Project object */;
}
